// !$*UTF8*$!
{
	archiveVersion = 1;
	classes = {
	};
	objectVersion = 46;
	objects = {

/* Begin PBXBuildFile section */
		2F097E001C5F3BA000AD5C8F /* MASCompositeConstraint.m in Sources */ = {isa = PBXBuildFile; fileRef = 2F097DE81C5F3BA000AD5C8F /* MASCompositeConstraint.m */; };
		2F097E011C5F3BA000AD5C8F /* MASConstraint.m in Sources */ = {isa = PBXBuildFile; fileRef = 2F097DEB1C5F3BA000AD5C8F /* MASConstraint.m */; };
		2F097E021C5F3BA000AD5C8F /* MASConstraintMaker.m in Sources */ = {isa = PBXBuildFile; fileRef = 2F097DED1C5F3BA000AD5C8F /* MASConstraintMaker.m */; };
		2F097E031C5F3BA000AD5C8F /* MASLayoutConstraint.m in Sources */ = {isa = PBXBuildFile; fileRef = 2F097DEF1C5F3BA000AD5C8F /* MASLayoutConstraint.m */; };
		2F097E041C5F3BA000AD5C8F /* MASViewAttribute.m in Sources */ = {isa = PBXBuildFile; fileRef = 2F097DF31C5F3BA000AD5C8F /* MASViewAttribute.m */; };
		2F097E051C5F3BA000AD5C8F /* MASViewConstraint.m in Sources */ = {isa = PBXBuildFile; fileRef = 2F097DF51C5F3BA000AD5C8F /* MASViewConstraint.m */; };
		2F097E061C5F3BA000AD5C8F /* NSArray+MASAdditions.m in Sources */ = {isa = PBXBuildFile; fileRef = 2F097DF71C5F3BA000AD5C8F /* NSArray+MASAdditions.m */; };
		2F097E071C5F3BA000AD5C8F /* NSLayoutConstraint+MASDebugAdditions.m in Sources */ = {isa = PBXBuildFile; fileRef = 2F097DFA1C5F3BA000AD5C8F /* NSLayoutConstraint+MASDebugAdditions.m */; };
		2F097E081C5F3BA000AD5C8F /* View+MASAdditions.m in Sources */ = {isa = PBXBuildFile; fileRef = 2F097DFC1C5F3BA000AD5C8F /* View+MASAdditions.m */; };
		2F097E091C5F3BA000AD5C8F /* ViewController+MASAdditions.m in Sources */ = {isa = PBXBuildFile; fileRef = 2F097DFF1C5F3BA000AD5C8F /* ViewController+MASAdditions.m */; };
		2F16D5141C5EF26400549038 /* image3.jpg in Resources */ = {isa = PBXBuildFile; fileRef = 2F16D5101C5EF26400549038 /* image3.jpg */; };
		2F16D5151C5EF26400549038 /* image4.jpg in Resources */ = {isa = PBXBuildFile; fileRef = 2F16D5111C5EF26400549038 /* image4.jpg */; };
		2F16D5161C5EF26400549038 /* image1.jpg in Resources */ = {isa = PBXBuildFile; fileRef = 2F16D5121C5EF26400549038 /* image1.jpg */; };
		2F16D5171C5EF26400549038 /* image2.jpg in Resources */ = {isa = PBXBuildFile; fileRef = 2F16D5131C5EF26400549038 /* image2.jpg */; };
		2F16D51F1C5F1E1A00549038 /* reScrollView.m in Sources */ = {isa = PBXBuildFile; fileRef = 2F16D51E1C5F1E1A00549038 /* reScrollView.m */; };
		2F16D5211C5F1E2400549038 /* reScrollView.xib in Resources */ = {isa = PBXBuildFile; fileRef = 2F16D5201C5F1E2400549038 /* reScrollView.xib */; };
		2F16D5271C5F2AF700549038 /* ResuableViewController.m in Sources */ = {isa = PBXBuildFile; fileRef = 2F16D5261C5F2AF700549038 /* ResuableViewController.m */; };
		2F9252BF1C2B848800BD0A16 /* main.m in Sources */ = {isa = PBXBuildFile; fileRef = 2F9252BE1C2B848800BD0A16 /* main.m */; };
		2F9252C21C2B848800BD0A16 /* AppDelegate.m in Sources */ = {isa = PBXBuildFile; fileRef = 2F9252C11C2B848800BD0A16 /* AppDelegate.m */; };
		2F9252C81C2B848800BD0A16 /* Main.storyboard in Resources */ = {isa = PBXBuildFile; fileRef = 2F9252C61C2B848800BD0A16 /* Main.storyboard */; };
		2F9252CA1C2B848800BD0A16 /* Assets.xcassets in Resources */ = {isa = PBXBuildFile; fileRef = 2F9252C91C2B848800BD0A16 /* Assets.xcassets */; };
		2F9252CD1C2B848800BD0A16 /* LaunchScreen.storyboard in Resources */ = {isa = PBXBuildFile; fileRef = 2F9252CB1C2B848800BD0A16 /* LaunchScreen.storyboard */; };
		2F9252D81C2B848800BD0A16 /* scrollVieeResuableTests.m in Sources */ = {isa = PBXBuildFile; fileRef = 2F9252D71C2B848800BD0A16 /* scrollVieeResuableTests.m */; };
		2F9252E31C2B848800BD0A16 /* scrollVieeResuableUITests.m in Sources */ = {isa = PBXBuildFile; fileRef = 2F9252E21C2B848800BD0A16 /* scrollVieeResuableUITests.m */; };
		2F9252F21C2B87DB00BD0A16 /* Images.xcassets in Resources */ = {isa = PBXBuildFile; fileRef = 2F9252F11C2B87DB00BD0A16 /* Images.xcassets */; };
/* End PBXBuildFile section */

/* Begin PBXContainerItemProxy section */
		2F9252D41C2B848800BD0A16 /* PBXContainerItemProxy */ = {
			isa = PBXContainerItemProxy;
			containerPortal = 2F9252B21C2B848800BD0A16 /* Project object */;
			proxyType = 1;
			remoteGlobalIDString = 2F9252B91C2B848800BD0A16;
			remoteInfo = scrollVieeResuable;
		};
		2F9252DF1C2B848800BD0A16 /* PBXContainerItemProxy */ = {
			isa = PBXContainerItemProxy;
			containerPortal = 2F9252B21C2B848800BD0A16 /* Project object */;
			proxyType = 1;
			remoteGlobalIDString = 2F9252B91C2B848800BD0A16;
			remoteInfo = scrollVieeResuable;
		};
/* End PBXContainerItemProxy section */

/* Begin PBXFileReference section */
		2F097DE71C5F3BA000AD5C8F /* MASCompositeConstraint.h */ = {isa = PBXFileReference; fileEncoding = 4; lastKnownFileType = sourcecode.c.h; path = MASCompositeConstraint.h; sourceTree = "<group>"; };
		2F097DE81C5F3BA000AD5C8F /* MASCompositeConstraint.m */ = {isa = PBXFileReference; fileEncoding = 4; lastKnownFileType = sourcecode.c.objc; path = MASCompositeConstraint.m; sourceTree = "<group>"; };
		2F097DE91C5F3BA000AD5C8F /* MASConstraint+Private.h */ = {isa = PBXFileReference; fileEncoding = 4; lastKnownFileType = sourcecode.c.h; path = "MASConstraint+Private.h"; sourceTree = "<group>"; };
		2F097DEA1C5F3BA000AD5C8F /* MASConstraint.h */ = {isa = PBXFileReference; fileEncoding = 4; lastKnownFileType = sourcecode.c.h; path = MASConstraint.h; sourceTree = "<group>"; };
		2F097DEB1C5F3BA000AD5C8F /* MASConstraint.m */ = {isa = PBXFileReference; fileEncoding = 4; lastKnownFileType = sourcecode.c.objc; path = MASConstraint.m; sourceTree = "<group>"; };
		2F097DEC1C5F3BA000AD5C8F /* MASConstraintMaker.h */ = {isa = PBXFileReference; fileEncoding = 4; lastKnownFileType = sourcecode.c.h; path = MASConstraintMaker.h; sourceTree = "<group>"; };
		2F097DED1C5F3BA000AD5C8F /* MASConstraintMaker.m */ = {isa = PBXFileReference; fileEncoding = 4; lastKnownFileType = sourcecode.c.objc; path = MASConstraintMaker.m; sourceTree = "<group>"; };
		2F097DEE1C5F3BA000AD5C8F /* MASLayoutConstraint.h */ = {isa = PBXFileReference; fileEncoding = 4; lastKnownFileType = sourcecode.c.h; path = MASLayoutConstraint.h; sourceTree = "<group>"; };
		2F097DEF1C5F3BA000AD5C8F /* MASLayoutConstraint.m */ = {isa = PBXFileReference; fileEncoding = 4; lastKnownFileType = sourcecode.c.objc; path = MASLayoutConstraint.m; sourceTree = "<group>"; };
		2F097DF01C5F3BA000AD5C8F /* Masonry.h */ = {isa = PBXFileReference; fileEncoding = 4; lastKnownFileType = sourcecode.c.h; path = Masonry.h; sourceTree = "<group>"; };
		2F097DF11C5F3BA000AD5C8F /* MASUtilities.h */ = {isa = PBXFileReference; fileEncoding = 4; lastKnownFileType = sourcecode.c.h; path = MASUtilities.h; sourceTree = "<group>"; };
		2F097DF21C5F3BA000AD5C8F /* MASViewAttribute.h */ = {isa = PBXFileReference; fileEncoding = 4; lastKnownFileType = sourcecode.c.h; path = MASViewAttribute.h; sourceTree = "<group>"; };
		2F097DF31C5F3BA000AD5C8F /* MASViewAttribute.m */ = {isa = PBXFileReference; fileEncoding = 4; lastKnownFileType = sourcecode.c.objc; path = MASViewAttribute.m; sourceTree = "<group>"; };
		2F097DF41C5F3BA000AD5C8F /* MASViewConstraint.h */ = {isa = PBXFileReference; fileEncoding = 4; lastKnownFileType = sourcecode.c.h; path = MASViewConstraint.h; sourceTree = "<group>"; };
		2F097DF51C5F3BA000AD5C8F /* MASViewConstraint.m */ = {isa = PBXFileReference; fileEncoding = 4; lastKnownFileType = sourcecode.c.objc; path = MASViewConstraint.m; sourceTree = "<group>"; };
		2F097DF61C5F3BA000AD5C8F /* NSArray+MASAdditions.h */ = {isa = PBXFileReference; fileEncoding = 4; lastKnownFileType = sourcecode.c.h; path = "NSArray+MASAdditions.h"; sourceTree = "<group>"; };
		2F097DF71C5F3BA000AD5C8F /* NSArray+MASAdditions.m */ = {isa = PBXFileReference; fileEncoding = 4; lastKnownFileType = sourcecode.c.objc; path = "NSArray+MASAdditions.m"; sourceTree = "<group>"; };
		2F097DF81C5F3BA000AD5C8F /* NSArray+MASShorthandAdditions.h */ = {isa = PBXFileReference; fileEncoding = 4; lastKnownFileType = sourcecode.c.h; path = "NSArray+MASShorthandAdditions.h"; sourceTree = "<group>"; };
		2F097DF91C5F3BA000AD5C8F /* NSLayoutConstraint+MASDebugAdditions.h */ = {isa = PBXFileReference; fileEncoding = 4; lastKnownFileType = sourcecode.c.h; path = "NSLayoutConstraint+MASDebugAdditions.h"; sourceTree = "<group>"; };
		2F097DFA1C5F3BA000AD5C8F /* NSLayoutConstraint+MASDebugAdditions.m */ = {isa = PBXFileReference; fileEncoding = 4; lastKnownFileType = sourcecode.c.objc; path = "NSLayoutConstraint+MASDebugAdditions.m"; sourceTree = "<group>"; };
		2F097DFB1C5F3BA000AD5C8F /* View+MASAdditions.h */ = {isa = PBXFileReference; fileEncoding = 4; lastKnownFileType = sourcecode.c.h; path = "View+MASAdditions.h"; sourceTree = "<group>"; };
		2F097DFC1C5F3BA000AD5C8F /* View+MASAdditions.m */ = {isa = PBXFileReference; fileEncoding = 4; lastKnownFileType = sourcecode.c.objc; path = "View+MASAdditions.m"; sourceTree = "<group>"; };
		2F097DFD1C5F3BA000AD5C8F /* View+MASShorthandAdditions.h */ = {isa = PBXFileReference; fileEncoding = 4; lastKnownFileType = sourcecode.c.h; path = "View+MASShorthandAdditions.h"; sourceTree = "<group>"; };
		2F097DFE1C5F3BA000AD5C8F /* ViewController+MASAdditions.h */ = {isa = PBXFileReference; fileEncoding = 4; lastKnownFileType = sourcecode.c.h; path = "ViewController+MASAdditions.h"; sourceTree = "<group>"; };
		2F097DFF1C5F3BA000AD5C8F /* ViewController+MASAdditions.m */ = {isa = PBXFileReference; fileEncoding = 4; lastKnownFileType = sourcecode.c.objc; path = "ViewController+MASAdditions.m"; sourceTree = "<group>"; };
		2F16D5101C5EF26400549038 /* image3.jpg */ = {isa = PBXFileReference; lastKnownFileType = image.jpeg; name = image3.jpg; path = ../image3.jpg; sourceTree = "<group>"; };
		2F16D5111C5EF26400549038 /* image4.jpg */ = {isa = PBXFileReference; lastKnownFileType = image.jpeg; name = image4.jpg; path = ../image4.jpg; sourceTree = "<group>"; };
		2F16D5121C5EF26400549038 /* image1.jpg */ = {isa = PBXFileReference; lastKnownFileType = image.jpeg; name = image1.jpg; path = ../image1.jpg; sourceTree = "<group>"; };
		2F16D5131C5EF26400549038 /* image2.jpg */ = {isa = PBXFileReference; lastKnownFileType = image.jpeg; name = image2.jpg; path = ../image2.jpg; sourceTree = "<group>"; };
		2F16D51D1C5F1E1A00549038 /* reScrollView.h */ = {isa = PBXFileReference; fileEncoding = 4; lastKnownFileType = sourcecode.c.h; path = reScrollView.h; sourceTree = "<group>"; };
		2F16D51E1C5F1E1A00549038 /* reScrollView.m */ = {isa = PBXFileReference; fileEncoding = 4; lastKnownFileType = sourcecode.c.objc; path = reScrollView.m; sourceTree = "<group>"; };
		2F16D5201C5F1E2400549038 /* reScrollView.xib */ = {isa = PBXFileReference; fileEncoding = 4; lastKnownFileType = file.xib; path = reScrollView.xib; sourceTree = "<group>"; };
		2F16D5251C5F2AF700549038 /* ResuableViewController.h */ = {isa = PBXFileReference; fileEncoding = 4; lastKnownFileType = sourcecode.c.h; path = ResuableViewController.h; sourceTree = "<group>"; };
		2F16D5261C5F2AF700549038 /* ResuableViewController.m */ = {isa = PBXFileReference; fileEncoding = 4; lastKnownFileType = sourcecode.c.objc; path = ResuableViewController.m; sourceTree = "<group>"; };
		2F9252BA1C2B848800BD0A16 /* scrollVieeResuable.app */ = {isa = PBXFileReference; explicitFileType = wrapper.application; includeInIndex = 0; path = scrollVieeResuable.app; sourceTree = BUILT_PRODUCTS_DIR; };
		2F9252BE1C2B848800BD0A16 /* main.m */ = {isa = PBXFileReference; lastKnownFileType = sourcecode.c.objc; path = main.m; sourceTree = "<group>"; };
		2F9252C01C2B848800BD0A16 /* AppDelegate.h */ = {isa = PBXFileReference; lastKnownFileType = sourcecode.c.h; path = AppDelegate.h; sourceTree = "<group>"; };
		2F9252C11C2B848800BD0A16 /* AppDelegate.m */ = {isa = PBXFileReference; lastKnownFileType = sourcecode.c.objc; path = AppDelegate.m; sourceTree = "<group>"; };
		2F9252C71C2B848800BD0A16 /* Base */ = {isa = PBXFileReference; lastKnownFileType = file.storyboard; name = Base; path = Base.lproj/Main.storyboard; sourceTree = "<group>"; };
		2F9252C91C2B848800BD0A16 /* Assets.xcassets */ = {isa = PBXFileReference; lastKnownFileType = folder.assetcatalog; path = Assets.xcassets; sourceTree = "<group>"; };
		2F9252CC1C2B848800BD0A16 /* Base */ = {isa = PBXFileReference; lastKnownFileType = file.storyboard; name = Base; path = Base.lproj/LaunchScreen.storyboard; sourceTree = "<group>"; };
		2F9252CE1C2B848800BD0A16 /* Info.plist */ = {isa = PBXFileReference; lastKnownFileType = text.plist.xml; path = Info.plist; sourceTree = "<group>"; };
		2F9252D31C2B848800BD0A16 /* scrollVieeResuableTests.xctest */ = {isa = PBXFileReference; explicitFileType = wrapper.cfbundle; includeInIndex = 0; path = scrollVieeResuableTests.xctest; sourceTree = BUILT_PRODUCTS_DIR; };
		2F9252D71C2B848800BD0A16 /* scrollVieeResuableTests.m */ = {isa = PBXFileReference; lastKnownFileType = sourcecode.c.objc; path = scrollVieeResuableTests.m; sourceTree = "<group>"; };
		2F9252D91C2B848800BD0A16 /* Info.plist */ = {isa = PBXFileReference; lastKnownFileType = text.plist.xml; path = Info.plist; sourceTree = "<group>"; };
		2F9252DE1C2B848800BD0A16 /* scrollVieeResuableUITests.xctest */ = {isa = PBXFileReference; explicitFileType = wrapper.cfbundle; includeInIndex = 0; path = scrollVieeResuableUITests.xctest; sourceTree = BUILT_PRODUCTS_DIR; };
		2F9252E21C2B848800BD0A16 /* scrollVieeResuableUITests.m */ = {isa = PBXFileReference; lastKnownFileType = sourcecode.c.objc; path = scrollVieeResuableUITests.m; sourceTree = "<group>"; };
		2F9252E41C2B848800BD0A16 /* Info.plist */ = {isa = PBXFileReference; lastKnownFileType = text.plist.xml; path = Info.plist; sourceTree = "<group>"; };
		2F9252F11C2B87DB00BD0A16 /* Images.xcassets */ = {isa = PBXFileReference; lastKnownFileType = folder.assetcatalog; path = Images.xcassets; sourceTree = "<group>"; };
/* End PBXFileReference section */

/* Begin PBXFrameworksBuildPhase section */
		2F9252B71C2B848800BD0A16 /* Frameworks */ = {
			isa = PBXFrameworksBuildPhase;
			buildActionMask = 2147483647;
			files = (
			);
			runOnlyForDeploymentPostprocessing = 0;
		};
		2F9252D01C2B848800BD0A16 /* Frameworks */ = {
			isa = PBXFrameworksBuildPhase;
			buildActionMask = 2147483647;
			files = (
			);
			runOnlyForDeploymentPostprocessing = 0;
		};
		2F9252DB1C2B848800BD0A16 /* Frameworks */ = {
			isa = PBXFrameworksBuildPhase;
			buildActionMask = 2147483647;
			files = (
			);
			runOnlyForDeploymentPostprocessing = 0;
		};
/* End PBXFrameworksBuildPhase section */

/* Begin PBXGroup section */
		2F097DE61C5F3BA000AD5C8F /* Masonry */ = {
			isa = PBXGroup;
			children = (
				2F097DE71C5F3BA000AD5C8F /* MASCompositeConstraint.h */,
				2F097DE81C5F3BA000AD5C8F /* MASCompositeConstraint.m */,
				2F097DE91C5F3BA000AD5C8F /* MASConstraint+Private.h */,
				2F097DEA1C5F3BA000AD5C8F /* MASConstraint.h */,
				2F097DEB1C5F3BA000AD5C8F /* MASConstraint.m */,
				2F097DEC1C5F3BA000AD5C8F /* MASConstraintMaker.h */,
				2F097DED1C5F3BA000AD5C8F /* MASConstraintMaker.m */,
				2F097DEE1C5F3BA000AD5C8F /* MASLayoutConstraint.h */,
				2F097DEF1C5F3BA000AD5C8F /* MASLayoutConstraint.m */,
				2F097DF01C5F3BA000AD5C8F /* Masonry.h */,
				2F097DF11C5F3BA000AD5C8F /* MASUtilities.h */,
				2F097DF21C5F3BA000AD5C8F /* MASViewAttribute.h */,
				2F097DF31C5F3BA000AD5C8F /* MASViewAttribute.m */,
				2F097DF41C5F3BA000AD5C8F /* MASViewConstraint.h */,
				2F097DF51C5F3BA000AD5C8F /* MASViewConstraint.m */,
				2F097DF61C5F3BA000AD5C8F /* NSArray+MASAdditions.h */,
				2F097DF71C5F3BA000AD5C8F /* NSArray+MASAdditions.m */,
				2F097DF81C5F3BA000AD5C8F /* NSArray+MASShorthandAdditions.h */,
				2F097DF91C5F3BA000AD5C8F /* NSLayoutConstraint+MASDebugAdditions.h */,
				2F097DFA1C5F3BA000AD5C8F /* NSLayoutConstraint+MASDebugAdditions.m */,
				2F097DFB1C5F3BA000AD5C8F /* View+MASAdditions.h */,
				2F097DFC1C5F3BA000AD5C8F /* View+MASAdditions.m */,
				2F097DFD1C5F3BA000AD5C8F /* View+MASShorthandAdditions.h */,
				2F097DFE1C5F3BA000AD5C8F /* ViewController+MASAdditions.h */,
				2F097DFF1C5F3BA000AD5C8F /* ViewController+MASAdditions.m */,
			);
			name = Masonry;
			path = scrollVieeResuable/frameWork/Masonry;
			sourceTree = "<group>";
		};
		2F413DC11C5B794900C2F097 /* sources */ = {
			isa = PBXGroup;
			children = (
				2F16D5101C5EF26400549038 /* image3.jpg */,
				2F16D5111C5EF26400549038 /* image4.jpg */,
				2F16D5121C5EF26400549038 /* image1.jpg */,
				2F16D5131C5EF26400549038 /* image2.jpg */,
			);
			path = sources;
			sourceTree = "<group>";
		};
		2F9252B11C2B848800BD0A16 = {
			isa = PBXGroup;
			children = (
				2F097DE61C5F3BA000AD5C8F /* Masonry */,
				2F9252BC1C2B848800BD0A16 /* scrollVieeResuable */,
				2F9252D61C2B848800BD0A16 /* scrollVieeResuableTests */,
				2F9252E11C2B848800BD0A16 /* scrollVieeResuableUITests */,
				2F9252BB1C2B848800BD0A16 /* Products */,
			);
			sourceTree = "<group>";
		};
		2F9252BB1C2B848800BD0A16 /* Products */ = {
			isa = PBXGroup;
			children = (
				2F9252BA1C2B848800BD0A16 /* scrollVieeResuable.app */,
				2F9252D31C2B848800BD0A16 /* scrollVieeResuableTests.xctest */,
				2F9252DE1C2B848800BD0A16 /* scrollVieeResuableUITests.xctest */,
			);
			name = Products;
			sourceTree = "<group>";
		};
		2F9252BC1C2B848800BD0A16 /* scrollVieeResuable */ = {
			isa = PBXGroup;
			children = (
				2F9252C01C2B848800BD0A16 /* AppDelegate.h */,
				2F9252C11C2B848800BD0A16 /* AppDelegate.m */,
				2F16D5251C5F2AF700549038 /* ResuableViewController.h */,
				2F16D5261C5F2AF700549038 /* ResuableViewController.m */,
				2F16D51D1C5F1E1A00549038 /* reScrollView.h */,
				2F16D51E1C5F1E1A00549038 /* reScrollView.m */,
				2F16D5201C5F1E2400549038 /* reScrollView.xib */,
				2F413DC11C5B794900C2F097 /* sources */,
				2F9252C61C2B848800BD0A16 /* Main.storyboard */,
				2F9252C91C2B848800BD0A16 /* Assets.xcassets */,
				2F9252F11C2B87DB00BD0A16 /* Images.xcassets */,
				2F9252CB1C2B848800BD0A16 /* LaunchScreen.storyboard */,
				2F9252CE1C2B848800BD0A16 /* Info.plist */,
				2F9252BD1C2B848800BD0A16 /* Supporting Files */,
			);
			path = scrollVieeResuable;
			sourceTree = "<group>";
		};
		2F9252BD1C2B848800BD0A16 /* Supporting Files */ = {
			isa = PBXGroup;
			children = (
				2F9252BE1C2B848800BD0A16 /* main.m */,
			);
			name = "Supporting Files";
			sourceTree = "<group>";
		};
		2F9252D61C2B848800BD0A16 /* scrollVieeResuableTests */ = {
			isa = PBXGroup;
			children = (
				2F9252D71C2B848800BD0A16 /* scrollVieeResuableTests.m */,
				2F9252D91C2B848800BD0A16 /* Info.plist */,
			);
			path = scrollVieeResuableTests;
			sourceTree = "<group>";
		};
		2F9252E11C2B848800BD0A16 /* scrollVieeResuableUITests */ = {
			isa = PBXGroup;
			children = (
				2F9252E21C2B848800BD0A16 /* scrollVieeResuableUITests.m */,
				2F9252E41C2B848800BD0A16 /* Info.plist */,
			);
			path = scrollVieeResuableUITests;
			sourceTree = "<group>";
		};
/* End PBXGroup section */

/* Begin PBXNativeTarget section */
		2F9252B91C2B848800BD0A16 /* scrollVieeResuable */ = {
			isa = PBXNativeTarget;
			buildConfigurationList = 2F9252E71C2B848800BD0A16 /* Build configuration list for PBXNativeTarget "scrollVieeResuable" */;
			buildPhases = (
				2F9252B61C2B848800BD0A16 /* Sources */,
				2F9252B71C2B848800BD0A16 /* Frameworks */,
				2F9252B81C2B848800BD0A16 /* Resources */,
			);
			buildRules = (
			);
			dependencies = (
			);
			name = scrollVieeResuable;
			productName = scrollVieeResuable;
			productReference = 2F9252BA1C2B848800BD0A16 /* scrollVieeResuable.app */;
			productType = "com.apple.product-type.application";
		};
		2F9252D21C2B848800BD0A16 /* scrollVieeResuableTests */ = {
			isa = PBXNativeTarget;
			buildConfigurationList = 2F9252EA1C2B848800BD0A16 /* Build configuration list for PBXNativeTarget "scrollVieeResuableTests" */;
			buildPhases = (
				2F9252CF1C2B848800BD0A16 /* Sources */,
				2F9252D01C2B848800BD0A16 /* Frameworks */,
				2F9252D11C2B848800BD0A16 /* Resources */,
			);
			buildRules = (
			);
			dependencies = (
				2F9252D51C2B848800BD0A16 /* PBXTargetDependency */,
			);
			name = scrollVieeResuableTests;
			productName = scrollVieeResuableTests;
			productReference = 2F9252D31C2B848800BD0A16 /* scrollVieeResuableTests.xctest */;
			productType = "com.apple.product-type.bundle.unit-test";
		};
		2F9252DD1C2B848800BD0A16 /* scrollVieeResuableUITests */ = {
			isa = PBXNativeTarget;
			buildConfigurationList = 2F9252ED1C2B848800BD0A16 /* Build configuration list for PBXNativeTarget "scrollVieeResuableUITests" */;
			buildPhases = (
				2F9252DA1C2B848800BD0A16 /* Sources */,
				2F9252DB1C2B848800BD0A16 /* Frameworks */,
				2F9252DC1C2B848800BD0A16 /* Resources */,
			);
			buildRules = (
			);
			dependencies = (
				2F9252E01C2B848800BD0A16 /* PBXTargetDependency */,
			);
			name = scrollVieeResuableUITests;
			productName = scrollVieeResuableUITests;
			productReference = 2F9252DE1C2B848800BD0A16 /* scrollVieeResuableUITests.xctest */;
			productType = "com.apple.product-type.bundle.ui-testing";
		};
/* End PBXNativeTarget section */

/* Begin PBXProject section */
		2F9252B21C2B848800BD0A16 /* Project object */ = {
			isa = PBXProject;
			attributes = {
				LastUpgradeCheck = 0720;
				ORGANIZATIONNAME = "思源";
				TargetAttributes = {
					2F9252B91C2B848800BD0A16 = {
						CreatedOnToolsVersion = 7.2;
						DevelopmentTeam = TLWP697Z5D;
						ProvisioningStyle = Manual;
					};
					2F9252D21C2B848800BD0A16 = {
						CreatedOnToolsVersion = 7.2;
						TestTargetID = 2F9252B91C2B848800BD0A16;
					};
					2F9252DD1C2B848800BD0A16 = {
						CreatedOnToolsVersion = 7.2;
						TestTargetID = 2F9252B91C2B848800BD0A16;
					};
				};
			};
			buildConfigurationList = 2F9252B51C2B848800BD0A16 /* Build configuration list for PBXProject "scrollVieeResuable" */;
			compatibilityVersion = "Xcode 3.2";
			developmentRegion = English;
			hasScannedForEncodings = 0;
			knownRegions = (
				en,
				Base,
			);
			mainGroup = 2F9252B11C2B848800BD0A16;
			productRefGroup = 2F9252BB1C2B848800BD0A16 /* Products */;
			projectDirPath = "";
			projectRoot = "";
			targets = (
				2F9252B91C2B848800BD0A16 /* scrollVieeResuable */,
				2F9252D21C2B848800BD0A16 /* scrollVieeResuableTests */,
				2F9252DD1C2B848800BD0A16 /* scrollVieeResuableUITests */,
			);
		};
/* End PBXProject section */

/* Begin PBXResourcesBuildPhase section */
		2F9252B81C2B848800BD0A16 /* Resources */ = {
			isa = PBXResourcesBuildPhase;
			buildActionMask = 2147483647;
			files = (
				2F16D5161C5EF26400549038 /* image1.jpg in Resources */,
				2F9252CD1C2B848800BD0A16 /* LaunchScreen.storyboard in Resources */,
				2F16D5141C5EF26400549038 /* image3.jpg in Resources */,
				2F16D5211C5F1E2400549038 /* reScrollView.xib in Resources */,
				2F16D5151C5EF26400549038 /* image4.jpg in Resources */,
				2F9252F21C2B87DB00BD0A16 /* Images.xcassets in Resources */,
				2F9252CA1C2B848800BD0A16 /* Assets.xcassets in Resources */,
				2F16D5171C5EF26400549038 /* image2.jpg in Resources */,
				2F9252C81C2B848800BD0A16 /* Main.storyboard in Resources */,
			);
			runOnlyForDeploymentPostprocessing = 0;
		};
		2F9252D11C2B848800BD0A16 /* Resources */ = {
			isa = PBXResourcesBuildPhase;
			buildActionMask = 2147483647;
			files = (
			);
			runOnlyForDeploymentPostprocessing = 0;
		};
		2F9252DC1C2B848800BD0A16 /* Resources */ = {
			isa = PBXResourcesBuildPhase;
			buildActionMask = 2147483647;
			files = (
			);
			runOnlyForDeploymentPostprocessing = 0;
		};
/* End PBXResourcesBuildPhase section */

/* Begin PBXSourcesBuildPhase section */
		2F9252B61C2B848800BD0A16 /* Sources */ = {
			isa = PBXSourcesBuildPhase;
			buildActionMask = 2147483647;
			files = (
				2F097E071C5F3BA000AD5C8F /* NSLayoutConstraint+MASDebugAdditions.m in Sources */,
				2F16D5271C5F2AF700549038 /* ResuableViewController.m in Sources */,
				2F097E051C5F3BA000AD5C8F /* MASViewConstraint.m in Sources */,
				2F16D51F1C5F1E1A00549038 /* reScrollView.m in Sources */,
				2F9252C21C2B848800BD0A16 /* AppDelegate.m in Sources */,
				2F097E081C5F3BA000AD5C8F /* View+MASAdditions.m in Sources */,
				2F097E001C5F3BA000AD5C8F /* MASCompositeConstraint.m in Sources */,
				2F097E041C5F3BA000AD5C8F /* MASViewAttribute.m in Sources */,
				2F097E021C5F3BA000AD5C8F /* MASConstraintMaker.m in Sources */,
				2F097E061C5F3BA000AD5C8F /* NSArray+MASAdditions.m in Sources */,
				2F097E091C5F3BA000AD5C8F /* ViewController+MASAdditions.m in Sources */,
				2F097E011C5F3BA000AD5C8F /* MASConstraint.m in Sources */,
				2F097E031C5F3BA000AD5C8F /* MASLayoutConstraint.m in Sources */,
				2F9252BF1C2B848800BD0A16 /* main.m in Sources */,
			);
			runOnlyForDeploymentPostprocessing = 0;
		};
		2F9252CF1C2B848800BD0A16 /* Sources */ = {
			isa = PBXSourcesBuildPhase;
			buildActionMask = 2147483647;
			files = (
				2F9252D81C2B848800BD0A16 /* scrollVieeResuableTests.m in Sources */,
			);
			runOnlyForDeploymentPostprocessing = 0;
		};
		2F9252DA1C2B848800BD0A16 /* Sources */ = {
			isa = PBXSourcesBuildPhase;
			buildActionMask = 2147483647;
			files = (
				2F9252E31C2B848800BD0A16 /* scrollVieeResuableUITests.m in Sources */,
			);
			runOnlyForDeploymentPostprocessing = 0;
		};
/* End PBXSourcesBuildPhase section */

/* Begin PBXTargetDependency section */
		2F9252D51C2B848800BD0A16 /* PBXTargetDependency */ = {
			isa = PBXTargetDependency;
			target = 2F9252B91C2B848800BD0A16 /* scrollVieeResuable */;
			targetProxy = 2F9252D41C2B848800BD0A16 /* PBXContainerItemProxy */;
		};
		2F9252E01C2B848800BD0A16 /* PBXTargetDependency */ = {
			isa = PBXTargetDependency;
			target = 2F9252B91C2B848800BD0A16 /* scrollVieeResuable */;
			targetProxy = 2F9252DF1C2B848800BD0A16 /* PBXContainerItemProxy */;
		};
/* End PBXTargetDependency section */

/* Begin PBXVariantGroup section */
		2F9252C61C2B848800BD0A16 /* Main.storyboard */ = {
			isa = PBXVariantGroup;
			children = (
				2F9252C71C2B848800BD0A16 /* Base */,
			);
			name = Main.storyboard;
			sourceTree = "<group>";
		};
		2F9252CB1C2B848800BD0A16 /* LaunchScreen.storyboard */ = {
			isa = PBXVariantGroup;
			children = (
				2F9252CC1C2B848800BD0A16 /* Base */,
			);
			name = LaunchScreen.storyboard;
			sourceTree = "<group>";
		};
/* End PBXVariantGroup section */

/* Begin XCBuildConfiguration section */
		2F9252E51C2B848800BD0A16 /* Debug */ = {
			isa = XCBuildConfiguration;
			buildSettings = {
				ALWAYS_SEARCH_USER_PATHS = NO;
				CLANG_CXX_LANGUAGE_STANDARD = "gnu++0x";
				CLANG_CXX_LIBRARY = "libc++";
				CLANG_ENABLE_MODULES = YES;
				CLANG_ENABLE_OBJC_ARC = YES;
				CLANG_WARN_BOOL_CONVERSION = YES;
				CLANG_WARN_CONSTANT_CONVERSION = YES;
				CLANG_WARN_DIRECT_OBJC_ISA_USAGE = YES_ERROR;
				CLANG_WARN_EMPTY_BODY = YES;
				CLANG_WARN_ENUM_CONVERSION = YES;
				CLANG_WARN_INT_CONVERSION = YES;
				CLANG_WARN_OBJC_ROOT_CLASS = YES_ERROR;
				CLANG_WARN_UNREACHABLE_CODE = YES;
				CLANG_WARN__DUPLICATE_METHOD_MATCH = YES;
				"CODE_SIGN_IDENTITY[sdk=iphoneos*]" = "iPhone Developer";
				COPY_PHASE_STRIP = NO;
				DEBUG_INFORMATION_FORMAT = dwarf;
				ENABLE_STRICT_OBJC_MSGSEND = YES;
				ENABLE_TESTABILITY = YES;
				GCC_C_LANGUAGE_STANDARD = gnu99;
				GCC_DYNAMIC_NO_PIC = NO;
				GCC_NO_COMMON_BLOCKS = YES;
				GCC_OPTIMIZATION_LEVEL = 0;
				GCC_PREPROCESSOR_DEFINITIONS = (
					"DEBUG=1",
					"$(inherited)",
				);
				GCC_WARN_64_TO_32_BIT_CONVERSION = YES;
				GCC_WARN_ABOUT_RETURN_TYPE = YES_ERROR;
				GCC_WARN_UNDECLARED_SELECTOR = YES;
				GCC_WARN_UNINITIALIZED_AUTOS = YES_AGGRESSIVE;
				GCC_WARN_UNUSED_FUNCTION = YES;
				GCC_WARN_UNUSED_VARIABLE = YES;
				IPHONEOS_DEPLOYMENT_TARGET = 9.2;
				MTL_ENABLE_DEBUG_INFO = YES;
				ONLY_ACTIVE_ARCH = YES;
				SDKROOT = iphoneos;
				TARGETED_DEVICE_FAMILY = "1,2";
			};
			name = Debug;
		};
		2F9252E61C2B848800BD0A16 /* Release */ = {
			isa = XCBuildConfiguration;
			buildSettings = {
				ALWAYS_SEARCH_USER_PATHS = NO;
				CLANG_CXX_LANGUAGE_STANDARD = "gnu++0x";
				CLANG_CXX_LIBRARY = "libc++";
				CLANG_ENABLE_MODULES = YES;
				CLANG_ENABLE_OBJC_ARC = YES;
				CLANG_WARN_BOOL_CONVERSION = YES;
				CLANG_WARN_CONSTANT_CONVERSION = YES;
				CLANG_WARN_DIRECT_OBJC_ISA_USAGE = YES_ERROR;
				CLANG_WARN_EMPTY_BODY = YES;
				CLANG_WARN_ENUM_CONVERSION = YES;
				CLANG_WARN_INT_CONVERSION = YES;
				CLANG_WARN_OBJC_ROOT_CLASS = YES_ERROR;
				CLANG_WARN_UNREACHABLE_CODE = YES;
				CLANG_WARN__DUPLICATE_METHOD_MATCH = YES;
				"CODE_SIGN_IDENTITY[sdk=iphoneos*]" = "iPhone Developer";
				COPY_PHASE_STRIP = NO;
				DEBUG_INFORMATION_FORMAT = "dwarf-with-dsym";
				ENABLE_NS_ASSERTIONS = NO;
				ENABLE_STRICT_OBJC_MSGSEND = YES;
				GCC_C_LANGUAGE_STANDARD = gnu99;
				GCC_NO_COMMON_BLOCKS = YES;
				GCC_WARN_64_TO_32_BIT_CONVERSION = YES;
				GCC_WARN_ABOUT_RETURN_TYPE = YES_ERROR;
				GCC_WARN_UNDECLARED_SELECTOR = YES;
				GCC_WARN_UNINITIALIZED_AUTOS = YES_AGGRESSIVE;
				GCC_WARN_UNUSED_FUNCTION = YES;
				GCC_WARN_UNUSED_VARIABLE = YES;
				IPHONEOS_DEPLOYMENT_TARGET = 9.2;
				MTL_ENABLE_DEBUG_INFO = NO;
				SDKROOT = iphoneos;
				TARGETED_DEVICE_FAMILY = "1,2";
				VALIDATE_PRODUCT = YES;
			};
			name = Release;
		};
		2F9252E81C2B848800BD0A16 /* Debug */ = {
			isa = XCBuildConfiguration;
			buildSettings = {
				ASSETCATALOG_COMPILER_APPICON_NAME = AppIcon;
				CODE_SIGN_IDENTITY = "iPhone Developer";
				"CODE_SIGN_IDENTITY[sdk=iphoneos*]" = "iPhone Developer";
				DEVELOPMENT_TEAM = TLWP697Z5D;
				INFOPLIST_FILE = scrollVieeResuable/Info.plist;
				LD_RUNPATH_SEARCH_PATHS = "$(inherited) @executable_path/Frameworks";
				PRODUCT_BUNDLE_IDENTIFIER = com.syswinPush.TOON.enterprise.scrollVieeResuable;
				PRODUCT_NAME = "$(TARGET_NAME)";
				PROVISIONING_PROFILE = "c415210e-19b7-4359-bfbf-737e2faff0cf";
				PROVISIONING_PROFILE_SPECIFIER = 6ceng.Common.DeveloperCer;
			};
			name = Debug;
		};
		2F9252E91C2B848800BD0A16 /* Release */ = {
			isa = XCBuildConfiguration;
			buildSettings = {
				ASSETCATALOG_COMPILER_APPICON_NAME = AppIcon;
				CODE_SIGN_IDENTITY = "iPhone Developer";
				"CODE_SIGN_IDENTITY[sdk=iphoneos*]" = "iPhone Developer";
				DEVELOPMENT_TEAM = TLWP697Z5D;
				INFOPLIST_FILE = scrollVieeResuable/Info.plist;
				LD_RUNPATH_SEARCH_PATHS = "$(inherited) @executable_path/Frameworks";
				PRODUCT_BUNDLE_IDENTIFIER = com.syswinPush.TOON.enterprise.scrollVieeResuable;
				PRODUCT_NAME = "$(TARGET_NAME)";
				PROVISIONING_PROFILE = "c415210e-19b7-4359-bfbf-737e2faff0cf";
				PROVISIONING_PROFILE_SPECIFIER = 6ceng.Common.DeveloperCer;
			};
			name = Release;
		};
		2F9252EB1C2B848800BD0A16 /* Debug */ = {
			isa = XCBuildConfiguration;
			buildSettings = {
				BUNDLE_LOADER = "$(TEST_HOST)";
				INFOPLIST_FILE = scrollVieeResuableTests/Info.plist;
				LD_RUNPATH_SEARCH_PATHS = "$(inherited) @executable_path/Frameworks @loader_path/Frameworks";
				PRODUCT_BUNDLE_IDENTIFIER = com.syswinPush.TOON.enterprise.scrollVieeResuableTests;
				PRODUCT_NAME = "$(TARGET_NAME)";
				TEST_HOST = "$(BUILT_PRODUCTS_DIR)/scrollVieeResuable.app/scrollVieeResuable";
			};
			name = Debug;
		};
		2F9252EC1C2B848800BD0A16 /* Release */ = {
			isa = XCBuildConfiguration;
			buildSettings = {
				BUNDLE_LOADER = "$(TEST_HOST)";
				INFOPLIST_FILE = scrollVieeResuableTests/Info.plist;
				LD_RUNPATH_SEARCH_PATHS = "$(inherited) @executable_path/Frameworks @loader_path/Frameworks";
				PRODUCT_BUNDLE_IDENTIFIER = com.syswinPush.TOON.enterprise.scrollVieeResuableTests;
				PRODUCT_NAME = "$(TARGET_NAME)";
				TEST_HOST = "$(BUILT_PRODUCTS_DIR)/scrollVieeResuable.app/scrollVieeResuable";
			};
			name = Release;
		};
		2F9252EE1C2B848800BD0A16 /* Debug */ = {
			isa = XCBuildConfiguration;
			buildSettings = {
				INFOPLIST_FILE = scrollVieeResuableUITests/Info.plist;
				LD_RUNPATH_SEARCH_PATHS = "$(inherited) @executable_path/Frameworks @loader_path/Frameworks";
				PRODUCT_BUNDLE_IDENTIFIER = com.syswinPush.TOON.enterprise.scrollVieeResuableUITests;
				PRODUCT_NAME = "$(TARGET_NAME)";
				TEST_TARGET_NAME = scrollVieeResuable;
				USES_XCTRUNNER = YES;
			};
			name = Debug;
		};
		2F9252EF1C2B848800BD0A16 /* Release */ = {
			isa = XCBuildConfiguration;
			buildSettings = {
				INFOPLIST_FILE = scrollVieeResuableUITests/Info.plist;
				LD_RUNPATH_SEARCH_PATHS = "$(inherited) @executable_path/Frameworks @loader_path/Frameworks";
				PRODUCT_BUNDLE_IDENTIFIER = com.syswinPush.TOON.enterprise.scrollVieeResuableUITests;
				PRODUCT_NAME = "$(TARGET_NAME)";
				TEST_TARGET_NAME = scrollVieeResuable;
				USES_XCTRUNNER = YES;
			};
			name = Release;
		};
/* End XCBuildConfiguration section */

/* Begin XCConfigurationList section */
		2F9252B51C2B848800BD0A16 /* Build configuration list for PBXProject "scrollVieeResuable" */ = {
			isa = XCConfigurationList;
			buildConfigurations = (
				2F9252E51C2B848800BD0A16 /* Debug */,
				2F9252E61C2B848800BD0A16 /* Release */,
			);
			defaultConfigurationIsVisible = 0;
			defaultConfigurationName = Release;
		};
		2F9252E71C2B848800BD0A16 /* Build configuration list for PBXNativeTarget "scrollVieeResuable" */ = {
			isa = XCConfigurationList;
			buildConfigurations = (
				2F9252E81C2B848800BD0A16 /* Debug */,
				2F9252E91C2B848800BD0A16 /* Release */,
			);
			defaultConfigurationIsVisible = 0;
			defaultConfigurationName = Release;
		};
		2F9252EA1C2B848800BD0A16 /* Build configuration list for PBXNativeTarget "scrollVieeResuableTests" */ = {
			isa = XCConfigurationList;
			buildConfigurations = (
				2F9252EB1C2B848800BD0A16 /* Debug */,
				2F9252EC1C2B848800BD0A16 /* Release */,
			);
			defaultConfigurationIsVisible = 0;
			defaultConfigurationName = Release;
		};
		2F9252ED1C2B848800BD0A16 /* Build configuration list for PBXNativeTarget "scrollVieeResuableUITests" */ = {
			isa = XCConfigurationList;
			buildConfigurations = (
				2F9252EE1C2B848800BD0A16 /* Debug */,
				2F9252EF1C2B848800BD0A16 /* Release */,
			);
			defaultConfigurationIsVisible = 0;
			defaultConfigurationName = Release;
		};
/* End XCConfigurationList section */
	};
	rootObject = 2F9252B21C2B848800BD0A16 /* Project object */;
}
